
Microsoft Visual Studio Solution File, Format Version 12.00
# Visual Studio 14
VisualStudioVersion = 14.0.23107.0
MinimumVisualStudioVersion = 10.0.40219.1
Project("{FAE04EC0-301F-11D3-BF4B-00C04F79EFBC}") = "ProRoc", "ProRoc\ProRoc.csproj", "{14DCA331-F2FA-4576-8D0F-3B9E748E01AF}"
EndProject
Project("{FAE04EC0-301F-11D3-BF4B-00C04F79EFBC}") = "ProRocTest", "ProRocTest\ProRocTest.csproj", "{6DABD8FF-66F8-4DE4-B577-350CA87014E8}"
EndProject
Global
	GlobalSection(SolutionConfigurationPlatforms) = preSolution
		Debug|Any CPU = Debug|Any CPU
		Release|Any CPU = Release|Any CPU
	EndGlobalSection
	GlobalSection(ProjectConfigurationPlatforms) = postSolution
		{14DCA331-F2FA-4576-8D0F-3B9E748E01AF}.Debug|Any CPU.ActiveCfg = Debug|Any CPU
		{14DCA331-F2FA-4576-8D0F-3B9E748E01AF}.Debug|Any CPU.Build.0 = Debug|Any CPU
		{14DCA331-F2FA-4576-8D0F-3B9E748E01AF}.Release|Any CPU.ActiveCfg = Release|Any CPU
		{14DCA331-F2FA-4576-8D0F-3B9E748E01AF}.Release|Any CPU.Build.0 = Release|Any CPU
		{6DABD8FF-66F8-4DE4-B577-350CA87014E8}.Debug|Any CPU.ActiveCfg = Debug|Any CPU
		{6DABD8FF-66F8-4DE4-B577-350CA87014E8}.Debug|Any CPU.Build.0 = Debug|Any CPU
		{6DABD8FF-66F8-4DE4-B577-350CA87014E8}.Release|Any CPU.ActiveCfg = Release|Any CPU
		{6DABD8FF-66F8-4DE4-B577-350CA87014E8}.Release|Any CPU.Build.0 = Release|Any CPU
	EndGlobalSection
	GlobalSection(SolutionProperties) = preSolution
		HideSolutionNode = FALSE
	EndGlobalSection
EndGlobal
